
Microsoft Visual Studio Solution File, Format Version 12.00
# Visual Studio Version 17
VisualStudioVersion = 17.4.33213.308
MinimumVisualStudioVersion = 10.0.40219.1
Project("{FAE04EC0-301F-11D3-BF4B-00C04F79EFBC}") = "SirGerbain_DrugTransport", "SirGerbain_DrugTransport.csproj", "{A9F9DE43-F6DA-4343-89DE-FDE857F9F3D6}"
EndProject
Global
	GlobalSection(SolutionConfigurationPlatforms) = preSolution
		Debug|Any CPU = Debug|Any CPU
		Release|Any CPU = Release|Any CPU
	EndGlobalSection
	GlobalSection(ProjectConfigurationPlatforms) = postSolution
		{A9F9DE43-F6DA-4343-89DE-FDE857F9F3D6}.Debug|Any CPU.ActiveCfg = Debug|Any CPU
		{A9F9DE43-F6DA-4343-89DE-FDE857F9F3D6}.Debug|Any CPU.Build.0 = Debug|Any CPU
		{A9F9DE43-F6DA-4343-89DE-FDE857F9F3D6}.Release|Any CPU.ActiveCfg = Release|Any CPU
		{A9F9DE43-F6DA-4343-89DE-FDE857F9F3D6}.Release|Any CPU.Build.0 = Release|Any CPU
	EndGlobalSection
	GlobalSection(SolutionProperties) = preSolution
		HideSolutionNode = FALSE
	EndGlobalSection
	GlobalSection(ExtensibilityGlobals) = postSolution
		SolutionGuid = {D915D183-356B-4335-9E9E-0A46DC2C4454}
	EndGlobalSection
EndGlobal
